
Microsoft Visual Studio Solution File, Format Version 12.00
# Visual Studio Version 17
VisualStudioVersion = 17.9.34723.18
MinimumVisualStudioVersion = 10.0.40219.1
Project("{FAE04EC0-301F-11D3-BF4B-00C04F79EFBC}") = "NoteAppUI", "NoteAppUI\NoteAppUI.csproj", "{87C44ADD-32E9-4864-9CBF-D397D2000D58}"
EndProject
Global
	GlobalSection(SolutionConfigurationPlatforms) = preSolution
		Debug|Any CPU = Debug|Any CPU
		Release|Any CPU = Release|Any CPU
	EndGlobalSection
	GlobalSection(ProjectConfigurationPlatforms) = postSolution
		{87C44ADD-32E9-4864-9CBF-D397D2000D58}.Debug|Any CPU.ActiveCfg = Debug|Any CPU
		{87C44ADD-32E9-4864-9CBF-D397D2000D58}.Debug|Any CPU.Build.0 = Debug|Any CPU
		{87C44ADD-32E9-4864-9CBF-D397D2000D58}.Release|Any CPU.ActiveCfg = Release|Any CPU
		{87C44ADD-32E9-4864-9CBF-D397D2000D58}.Release|Any CPU.Build.0 = Release|Any CPU
	EndGlobalSection
	GlobalSection(SolutionProperties) = preSolution
		HideSolutionNode = FALSE
	EndGlobalSection
	GlobalSection(ExtensibilityGlobals) = postSolution
		SolutionGuid = {CA197BE6-5C03-4503-8F2B-6E9961042475}
	EndGlobalSection
EndGlobal
