
Microsoft Visual Studio Solution File, Format Version 12.00
# Visual Studio Version 17
VisualStudioVersion = 17.9.34723.18
MinimumVisualStudioVersion = 10.0.40219.1
Project("{FAE04EC0-301F-11D3-BF4B-00C04F79EFBC}") = "NoteAppUI", "NoteAppUI\NoteAppUI.csproj", "{87C44ADD-32E9-4864-9CBF-D397D2000D58}"
EndProject
Project("{FAE04EC0-301F-11D3-BF4B-00C04F79EFBC}") = "NoteApp", "NoteApp\NoteApp.csproj", "{9CD6E851-4BB8-4EE3-8F4E-9F98917CCBE9}"
EndProject
Project("{FAE04EC0-301F-11D3-BF4B-00C04F79EFBC}") = "NoteApp.UnitTests", "NoteApp.UnitTests\NoteApp.UnitTests.csproj", "{BBA29A76-5E10-436F-BCF1-3EFB0DE5072C}"
EndProject
Global
	GlobalSection(SolutionConfigurationPlatforms) = preSolution
		Debug|Any CPU = Debug|Any CPU
		Release|Any CPU = Release|Any CPU
	EndGlobalSection
	GlobalSection(ProjectConfigurationPlatforms) = postSolution
		{87C44ADD-32E9-4864-9CBF-D397D2000D58}.Debug|Any CPU.ActiveCfg = Debug|Any CPU
		{87C44ADD-32E9-4864-9CBF-D397D2000D58}.Debug|Any CPU.Build.0 = Debug|Any CPU
		{87C44ADD-32E9-4864-9CBF-D397D2000D58}.Release|Any CPU.ActiveCfg = Release|Any CPU
		{87C44ADD-32E9-4864-9CBF-D397D2000D58}.Release|Any CPU.Build.0 = Release|Any CPU
		{9CD6E851-4BB8-4EE3-8F4E-9F98917CCBE9}.Debug|Any CPU.ActiveCfg = Debug|Any CPU
		{9CD6E851-4BB8-4EE3-8F4E-9F98917CCBE9}.Debug|Any CPU.Build.0 = Debug|Any CPU
		{9CD6E851-4BB8-4EE3-8F4E-9F98917CCBE9}.Release|Any CPU.ActiveCfg = Release|Any CPU
		{9CD6E851-4BB8-4EE3-8F4E-9F98917CCBE9}.Release|Any CPU.Build.0 = Release|Any CPU
		{BBA29A76-5E10-436F-BCF1-3EFB0DE5072C}.Debug|Any CPU.ActiveCfg = Debug|Any CPU
		{BBA29A76-5E10-436F-BCF1-3EFB0DE5072C}.Debug|Any CPU.Build.0 = Debug|Any CPU
		{BBA29A76-5E10-436F-BCF1-3EFB0DE5072C}.Release|Any CPU.ActiveCfg = Release|Any CPU
		{BBA29A76-5E10-436F-BCF1-3EFB0DE5072C}.Release|Any CPU.Build.0 = Release|Any CPU
	EndGlobalSection
	GlobalSection(SolutionProperties) = preSolution
		HideSolutionNode = FALSE
	EndGlobalSection
	GlobalSection(ExtensibilityGlobals) = postSolution
		SolutionGuid = {CA197BE6-5C03-4503-8F2B-6E9961042475}
	EndGlobalSection
EndGlobal
